
Microsoft Visual Studio Solution File, Format Version 12.00
# Visual Studio Version 17
VisualStudioVersion = 17.0.32112.339
MinimumVisualStudioVersion = 10.0.40219.1
Project("{FAE04EC0-301F-11D3-BF4B-00C04F79EFBC}") = "MilbridgeHoldings", "MilbridgeHoldings\MilbridgeHoldings.csproj", "{748323B7-F08A-4F49-9952-33FF9296812C}"
EndProject
Global
	GlobalSection(SolutionConfigurationPlatforms) = preSolution
		Debug|Any CPU = Debug|Any CPU
		Release|Any CPU = Release|Any CPU
	EndGlobalSection
	GlobalSection(ProjectConfigurationPlatforms) = postSolution
		{748323B7-F08A-4F49-9952-33FF9296812C}.Debug|Any CPU.ActiveCfg = Debug|Any CPU
		{748323B7-F08A-4F49-9952-33FF9296812C}.Debug|Any CPU.Build.0 = Debug|Any CPU
		{748323B7-F08A-4F49-9952-33FF9296812C}.Release|Any CPU.ActiveCfg = Release|Any CPU
		{748323B7-F08A-4F49-9952-33FF9296812C}.Release|Any CPU.Build.0 = Release|Any CPU
	EndGlobalSection
	GlobalSection(SolutionProperties) = preSolution
		HideSolutionNode = FALSE
	EndGlobalSection
	GlobalSection(ExtensibilityGlobals) = postSolution
		SolutionGuid = {72F9295F-527E-4F0D-8978-B024E0AACDE0}
	EndGlobalSection
EndGlobal
